
Microsoft Visual Studio Solution File, Format Version 12.00
# Visual Studio Version 17
VisualStudioVersion = 17.2.32317.152
MinimumVisualStudioVersion = 10.0.40219.1
Project("{9A19103F-16F7-4668-BE54-9A1E7A4F7556}") = "AshLake.Services.Yande", "src\Services\AshLake.Services.Yande\AshLake.Services.Yande.csproj", "{7DE32B4F-1FFA-407D-961B-94A1885B992B}"
EndProject
Project("{2150E333-8FDC-42A3-9474-1A3956D46DE8}") = "src", "src", "{DFC6E2A2-DD70-435E-9F2B-DA2CD363A072}"
EndProject
Project("{2150E333-8FDC-42A3-9474-1A3956D46DE8}") = "Services", "Services", "{D573494F-6826-48D0-A95A-D6BEEDCA2B63}"
EndProject
Project("{2150E333-8FDC-42A3-9474-1A3956D46DE8}") = "BuildingBlocks", "BuildingBlocks", "{26B3D76D-6E9A-478C-AA0D-1F993C8746B9}"
EndProject
Project("{9A19103F-16F7-4668-BE54-9A1E7A4F7556}") = "AshLake.Services.Grabber", "src\Services\AshLake.Services.Grabber\AshLake.Services.Grabber.csproj", "{BD2B1557-7381-49E9-9A37-7B67A15B6DE6}"
EndProject
Project("{2150E333-8FDC-42A3-9474-1A3956D46DE8}") = "Contracts", "Contracts", "{D83940CC-43BB-4625-9A66-204C15AFCB55}"
EndProject
Project("{9A19103F-16F7-4668-BE54-9A1E7A4F7556}") = "AshLake.Contracts.Seedwork", "src\Contracts\AshLake.Contracts.Seedwork\AshLake.Contracts.Seedwork.csproj", "{9F1F82C9-F382-4DEF-9220-CA234F777CDC}"
EndProject
Project("{9A19103F-16F7-4668-BE54-9A1E7A4F7556}") = "AshLake.Services.Archiver", "src\Services\AshLake.Services.Archiver\AshLake.Services.Archiver.csproj", "{735979A3-C62D-479B-BD96-C6A756263DDA}"
EndProject
Project("{E53339B2-1760-4266-BCC7-CA923CBCF16C}") = "docker-compose", "docker-compose.dcproj", "{196204FF-D793-48FD-B8CA-3396CEF8D9E1}"
EndProject
Project("{2150E333-8FDC-42A3-9474-1A3956D46DE8}") = "dapr", "dapr", "{E56D89F2-B072-4D89-B061-9FD40300D986}"
EndProject
Project("{2150E333-8FDC-42A3-9474-1A3956D46DE8}") = "components", "components", "{34B56E0F-7C5F-420E-8E7F-F1DC9C9BE334}"
	ProjectSection(SolutionItems) = preProject
		dapr\components\ashlake-pubsub.yaml = dapr\components\ashlake-pubsub.yaml
		dapr\components\ashlake-statestore.yaml = dapr\components\ashlake-statestore.yaml
	EndProjectSection
EndProject
Project("{2150E333-8FDC-42A3-9474-1A3956D46DE8}") = "configuration", "configuration", "{E7B2573E-B82E-4DE7-AB6E-BE1CDB64CE6B}"
	ProjectSection(SolutionItems) = preProject
		dapr\configuration\ashlake-config.yaml = dapr\configuration\ashlake-config.yaml
	EndProjectSection
EndProject
Global
	GlobalSection(SolutionConfigurationPlatforms) = preSolution
		Debug|Any CPU = Debug|Any CPU
		Release|Any CPU = Release|Any CPU
	EndGlobalSection
	GlobalSection(ProjectConfigurationPlatforms) = postSolution
		{7DE32B4F-1FFA-407D-961B-94A1885B992B}.Debug|Any CPU.ActiveCfg = Debug|Any CPU
		{7DE32B4F-1FFA-407D-961B-94A1885B992B}.Debug|Any CPU.Build.0 = Debug|Any CPU
		{7DE32B4F-1FFA-407D-961B-94A1885B992B}.Release|Any CPU.ActiveCfg = Release|Any CPU
		{7DE32B4F-1FFA-407D-961B-94A1885B992B}.Release|Any CPU.Build.0 = Release|Any CPU
		{BD2B1557-7381-49E9-9A37-7B67A15B6DE6}.Debug|Any CPU.ActiveCfg = Debug|Any CPU
		{BD2B1557-7381-49E9-9A37-7B67A15B6DE6}.Debug|Any CPU.Build.0 = Debug|Any CPU
		{BD2B1557-7381-49E9-9A37-7B67A15B6DE6}.Release|Any CPU.ActiveCfg = Release|Any CPU
		{BD2B1557-7381-49E9-9A37-7B67A15B6DE6}.Release|Any CPU.Build.0 = Release|Any CPU
		{9F1F82C9-F382-4DEF-9220-CA234F777CDC}.Debug|Any CPU.ActiveCfg = Debug|Any CPU
		{9F1F82C9-F382-4DEF-9220-CA234F777CDC}.Debug|Any CPU.Build.0 = Debug|Any CPU
		{9F1F82C9-F382-4DEF-9220-CA234F777CDC}.Release|Any CPU.ActiveCfg = Release|Any CPU
		{9F1F82C9-F382-4DEF-9220-CA234F777CDC}.Release|Any CPU.Build.0 = Release|Any CPU
		{735979A3-C62D-479B-BD96-C6A756263DDA}.Debug|Any CPU.ActiveCfg = Debug|Any CPU
		{735979A3-C62D-479B-BD96-C6A756263DDA}.Debug|Any CPU.Build.0 = Debug|Any CPU
		{735979A3-C62D-479B-BD96-C6A756263DDA}.Release|Any CPU.ActiveCfg = Release|Any CPU
		{735979A3-C62D-479B-BD96-C6A756263DDA}.Release|Any CPU.Build.0 = Release|Any CPU
		{196204FF-D793-48FD-B8CA-3396CEF8D9E1}.Debug|Any CPU.ActiveCfg = Debug|Any CPU
		{196204FF-D793-48FD-B8CA-3396CEF8D9E1}.Debug|Any CPU.Build.0 = Debug|Any CPU
		{196204FF-D793-48FD-B8CA-3396CEF8D9E1}.Release|Any CPU.ActiveCfg = Release|Any CPU
		{196204FF-D793-48FD-B8CA-3396CEF8D9E1}.Release|Any CPU.Build.0 = Release|Any CPU
	EndGlobalSection
	GlobalSection(SolutionProperties) = preSolution
		HideSolutionNode = FALSE
	EndGlobalSection
	GlobalSection(NestedProjects) = preSolution
		{7DE32B4F-1FFA-407D-961B-94A1885B992B} = {D573494F-6826-48D0-A95A-D6BEEDCA2B63}
		{D573494F-6826-48D0-A95A-D6BEEDCA2B63} = {DFC6E2A2-DD70-435E-9F2B-DA2CD363A072}
		{26B3D76D-6E9A-478C-AA0D-1F993C8746B9} = {DFC6E2A2-DD70-435E-9F2B-DA2CD363A072}
		{BD2B1557-7381-49E9-9A37-7B67A15B6DE6} = {D573494F-6826-48D0-A95A-D6BEEDCA2B63}
		{D83940CC-43BB-4625-9A66-204C15AFCB55} = {DFC6E2A2-DD70-435E-9F2B-DA2CD363A072}
		{9F1F82C9-F382-4DEF-9220-CA234F777CDC} = {D83940CC-43BB-4625-9A66-204C15AFCB55}
		{735979A3-C62D-479B-BD96-C6A756263DDA} = {D573494F-6826-48D0-A95A-D6BEEDCA2B63}
		{34B56E0F-7C5F-420E-8E7F-F1DC9C9BE334} = {E56D89F2-B072-4D89-B061-9FD40300D986}
		{E7B2573E-B82E-4DE7-AB6E-BE1CDB64CE6B} = {E56D89F2-B072-4D89-B061-9FD40300D986}
	EndGlobalSection
	GlobalSection(ExtensibilityGlobals) = postSolution
		SolutionGuid = {EDC91361-03C5-4AF8-AB4A-E5B82895C858}
	EndGlobalSection
EndGlobal
